<?xml version="1.0" encoding="utf-8"?>
<Project ToolsVersion="4.0" xmlns="http://schemas.microsoft.com/developer/msbuild/2003">
  <ItemGroup>
    <Filter Include="ソース ファイル">
      <UniqueIdentifier>{4FC737F1-C7A5-4376-A066-2A32D752A2FF}</UniqueIdentifier>
      <Extensions>cpp;c;cc;cxx;def;odl;idl;hpj;bat;asm;asmx</Extensions>
    </Filter>
    <Filter Include="ヘッダー ファイル">
      <UniqueIdentifier>{93995380-89BD-4b04-88EB-625FBE52EBFB}</UniqueIdentifier>
      <Extensions>h;hpp;hxx;hm;inl;inc;xsd</Extensions>
    </Filter>
    <Filter Include="リソース ファイル">
      <UniqueIdentifier>{67DA6AB6-F800-4c08-8B7A-83BB121AAD01}</UniqueIdentifier>
      <Extensions>rc;ico;cur;bmp;dlg;rc2;rct;bin;rgs;gif;jpg;jpeg;jpe;resx;tiff;tif;png;wav;mfcribbon-ms</Extensions>
    </Filter>
    <Filter Include="Include">
      <UniqueIdentifier>{f5b7cd2b-32a4-445d-8fc9-82018ed400ec}</UniqueIdentifier>
    </Filter>
    <Filter Include="Include\Animation">
      <UniqueIdentifier>{0b58936c-1c79-4f38-8eed-9cd3959dd452}</UniqueIdentifier>
    </Filter>
    <Filter Include="Include\Common">
      <UniqueIdentifier>{4d8860f6-fdd4-4aee-b4e7-79a20f76a1eb}</UniqueIdentifier>
    </Filter>
    <Filter Include="Include\External">
      <UniqueIdentifier>{3b0fcd48-4860-4632-ab0a-b0d097c238f0}</UniqueIdentifier>
    </Filter>
    <Filter Include="Include\Input">
      <UniqueIdentifier>{c0020a4d-7ffd-4700-9b00-cdcae96b45ca}</UniqueIdentifier>
    </Filter>
    <Filter Include="Include\Render">
      <UniqueIdentifier>{02c84947-3a05-43c9-acd3-0f35453e9c83}</UniqueIdentifier>
    </Filter>
    <Filter Include="Include\Resource">
      <UniqueIdentifier>{2b29d418-f2f6-4807-aa35-5f20e3f62d34}</UniqueIdentifier>
    </Filter>
    <Filter Include="Include\External\nlohmann">
      <UniqueIdentifier>{ac4bb305-6c52-46f9-8479-bb0b0c20898d}</UniqueIdentifier>
    </Filter>
  </ItemGroup>
  <ItemGroup>
    <ClCompile Include="WinMain.cpp">
      <Filter>ソース ファイル</Filter>
    </ClCompile>
    <ClCompile Include="GameApp.cpp">
      <Filter>ソース ファイル</Filter>
    </ClCompile>
    <ClCompile Include="..\Include\Input\Input.cpp">
      <Filter>Include\Input</Filter>
    </ClCompile>
    <ClCompile Include="..\Include\Input\MofInput.cpp">
      <Filter>Include\Input</Filter>
    </ClCompile>
    <ClCompile Include="..\Include\Input\WinApiInput.cpp">
      <Filter>Include\Input</Filter>
    </ClCompile>
  </ItemGroup>
  <ItemGroup>
    <ClInclude Include="GameApp.h">
      <Filter>ヘッダー ファイル</Filter>
    </ClInclude>
    <ClInclude Include="resource.h">
      <Filter>ヘッダー ファイル</Filter>
    </ClInclude>
    <ClInclude Include="..\Include\Animation\AnimationState.h">
      <Filter>Include\Animation</Filter>
    </ClInclude>
    <ClInclude Include="..\Include\Animation\IAnimationCreator.h">
      <Filter>Include\Animation</Filter>
    </ClInclude>
    <ClInclude Include="..\Include\Animation\IAnimationState.h">
      <Filter>Include\Animation</Filter>
    </ClInclude>
    <ClInclude Include="..\Include\Animation\JsonAnimationCreator.h">
      <Filter>Include\Animation</Filter>
    </ClInclude>
    <ClInclude Include="..\Include\Animation\MofAnimationState.h">
      <Filter>Include\Animation</Filter>
    </ClInclude>
    <ClInclude Include="..\Include\Animation\PlayerAnimationCreator.h">
      <Filter>Include\Animation</Filter>
    </ClInclude>
    <ClInclude Include="..\Include\Common\Common.h">
      <Filter>Include\Common</Filter>
    </ClInclude>
    <ClInclude Include="..\Include\Common\Singleton.h">
      <Filter>Include\Common</Filter>
    </ClInclude>
    <ClInclude Include="..\Include\External\nlohmann\json.hpp">
      <Filter>Include\External\nlohmann</Filter>
    </ClInclude>
    <ClInclude Include="..\Include\Input\IInput.h">
      <Filter>Include\Input</Filter>
    </ClInclude>
    <ClInclude Include="..\Include\Input\Input.h">
      <Filter>Include\Input</Filter>
    </ClInclude>
    <ClInclude Include="..\Include\Input\InputManager.h">
      <Filter>Include\Input</Filter>
    </ClInclude>
    <ClInclude Include="..\Include\Input\LogInput.h">
      <Filter>Include\Input</Filter>
    </ClInclude>
    <ClInclude Include="..\Include\Input\MofInput.h">
      <Filter>Include\Input</Filter>
    </ClInclude>
    <ClInclude Include="..\Include\Input\ReplayInput.h">
      <Filter>Include\Input</Filter>
    </ClInclude>
    <ClInclude Include="..\Include\Input\WinApiInput.h">
      <Filter>Include\Input</Filter>
    </ClInclude>
    <ClInclude Include="..\Include\Render\IRenderCommand.h">
      <Filter>Include\Render</Filter>
    </ClInclude>
    <ClInclude Include="..\Include\Render\IRenderRegister.h">
      <Filter>Include\Render</Filter>
    </ClInclude>
    <ClInclude Include="..\Include\Render\MofRectRenderCommand.h">
      <Filter>Include\Render</Filter>
    </ClInclude>
    <ClInclude Include="..\Include\Render\MofStringRenderCommand.h">
      <Filter>Include\Render</Filter>
    </ClInclude>
    <ClInclude Include="..\Include\Render\MofTextureRenderCommand.h">
      <Filter>Include\Render</Filter>
    </ClInclude>
    <ClInclude Include="..\Include\Render\RectRenderCommand.h">
      <Filter>Include\Render</Filter>
    </ClInclude>
    <ClInclude Include="..\Include\Render\RenderCommandTask.h">
      <Filter>Include\Render</Filter>
    </ClInclude>
    <ClInclude Include="..\Include\Render\StringRenderCommand.h">
      <Filter>Include\Render</Filter>
    </ClInclude>
    <ClInclude Include="..\Include\Render\TextureRenderCommand.h">
      <Filter>Include\Render</Filter>
    </ClInclude>
    <ClInclude Include="..\Include\Resource\JsonResourceLoadHelper.h">
      <Filter>Include\Resource</Filter>
    </ClInclude>
    <ClInclude Include="..\Include\Resource\JsonResourcePackCreator.h">
      <Filter>Include\Resource</Filter>
    </ClInclude>
    <ClInclude Include="..\Include\Resource\JsonTextureResourceCreator.h">
      <Filter>Include\Resource</Filter>
    </ClInclude>
    <ClInclude Include="..\Include\Resource\ResourceContainer.h">
      <Filter>Include\Resource</Filter>
    </ClInclude>
    <ClInclude Include="..\Include\Resource\ResourceManager.h">
      <Filter>Include\Resource</Filter>
    </ClInclude>
    <ClInclude Include="..\Include\Resource\ResourcePack.h">
      <Filter>Include\Resource</Filter>
    </ClInclude>
    <ClInclude Include="..\Include\Resource\Texture.h">
      <Filter>Include\Resource</Filter>
    </ClInclude>
    <ClInclude Include="..\Include\Common\MofRectangle.h">
      <Filter>Include\Common</Filter>
    </ClInclude>
    <ClInclude Include="..\Include\Common\OriginalRectangle.h">
      <Filter>Include\Common</Filter>
    </ClInclude>
    <ClInclude Include="..\Include\Common\Rectangle.h">
      <Filter>Include\Common</Filter>
    </ClInclude>
    <ClInclude Include="..\Include\Common\ICommand.h">
      <Filter>Include\Common</Filter>
    </ClInclude>
    <ClInclude Include="..\Include\Render\RenderManager.h">
      <Filter>Include\Render</Filter>
    </ClInclude>
    <ClInclude Include="..\Include\Render\MofRenderClearCommand.h">
      <Filter>Include\Render</Filter>
    </ClInclude>
    <ClInclude Include="..\Include\Render\MofRenderEndCommand.h">
      <Filter>Include\Render</Filter>
    </ClInclude>
    <ClInclude Include="..\Include\Render\MofRenderStartCommand.h">
      <Filter>Include\Render</Filter>
    </ClInclude>
    <ClInclude Include="..\Include\Render\RenderClearCommand.h">
      <Filter>Include\Render</Filter>
    </ClInclude>
    <ClInclude Include="..\Include\Render\RenderEndCommand.h">
      <Filter>Include\Render</Filter>
    </ClInclude>
    <ClInclude Include="..\Include\Render\RenderStartCommand.h">
      <Filter>Include\Render</Filter>
    </ClInclude>
    <ClInclude Include="..\Include\Animation\AniMakeAnimationCreator.h">
      <Filter>Include\Animation</Filter>
    </ClInclude>
  </ItemGroup>
  <ItemGroup>
    <ResourceCompile Include="Version.rc">
      <Filter>リソース ファイル</Filter>
    </ResourceCompile>
  </ItemGroup>
  <ItemGroup>
    <Image Include="icon1.ico">
      <Filter>リソース ファイル</Filter>
    </Image>
  </ItemGroup>
</Project>