<?xml version="1.0" encoding="utf-8"?>
<Project ToolsVersion="4.0" xmlns="http://schemas.microsoft.com/developer/msbuild/2003">
  <ItemGroup>
    <Filter Include="ソース ファイル">
      <UniqueIdentifier>{4FC737F1-C7A5-4376-A066-2A32D752A2FF}</UniqueIdentifier>
      <Extensions>cpp;c;cc;cxx;def;odl;idl;hpj;bat;asm;asmx</Extensions>
    </Filter>
    <Filter Include="ヘッダー ファイル">
      <UniqueIdentifier>{93995380-89BD-4b04-88EB-625FBE52EBFB}</UniqueIdentifier>
      <Extensions>h;hh;hpp;hxx;hm;inl;inc;ipp;xsd</Extensions>
    </Filter>
    <Filter Include="リソース ファイル">
      <UniqueIdentifier>{67DA6AB6-F800-4c08-8B7A-83BB121AAD01}</UniqueIdentifier>
      <Extensions>rc;ico;cur;bmp;dlg;rc2;rct;bin;rgs;gif;jpg;jpeg;jpe;resx;tiff;tif;png;wav;mfcribbon-ms</Extensions>
    </Filter>
    <Filter Include="Framework">
      <UniqueIdentifier>{f092b645-89ed-49a9-892f-21da26553cce}</UniqueIdentifier>
    </Filter>
    <Filter Include="Framework\Timer">
      <UniqueIdentifier>{0097f936-450c-4776-be48-ce0eeb10204e}</UniqueIdentifier>
    </Filter>
    <Filter Include="Framework\Common">
      <UniqueIdentifier>{df48216a-411a-4b95-a621-ca5293daf5f5}</UniqueIdentifier>
    </Filter>
    <Filter Include="Framework\Math">
      <UniqueIdentifier>{bea40149-2563-4c8d-99af-ea97ffed9d92}</UniqueIdentifier>
    </Filter>
    <Filter Include="Framework\Graphics">
      <UniqueIdentifier>{6b903f07-b5a9-422b-a3a4-6f035bde7dee}</UniqueIdentifier>
    </Filter>
    <Filter Include="Framework\Graphics\Texture">
      <UniqueIdentifier>{44308bf6-ecce-4ba4-b0b5-170242c9b4e1}</UniqueIdentifier>
    </Filter>
    <Filter Include="Framework\Resource">
      <UniqueIdentifier>{8e4c6a34-429b-40d1-b569-32fa09cdfa53}</UniqueIdentifier>
    </Filter>
    <Filter Include="Framework\Graphics\Shader">
      <UniqueIdentifier>{63103b8a-f5e3-477c-8df8-0fd1d510b5ee}</UniqueIdentifier>
    </Filter>
    <Filter Include="Framework\Sound">
      <UniqueIdentifier>{9da62c25-4502-470c-b495-364f23d74de2}</UniqueIdentifier>
    </Filter>
    <Filter Include="Framework\Graphics\Buffer">
      <UniqueIdentifier>{460c03d5-442b-48a6-86db-7d8eba597fac}</UniqueIdentifier>
    </Filter>
    <Filter Include="Framework\Graphics\Camera">
      <UniqueIdentifier>{b59c5255-40f3-4583-9dae-ca1ebb1dddf7}</UniqueIdentifier>
    </Filter>
    <Filter Include="Framework\Input">
      <UniqueIdentifier>{7ceb76b2-0426-43b2-82a9-768917b52272}</UniqueIdentifier>
    </Filter>
    <Filter Include="Framework\Framework">
      <UniqueIdentifier>{d9023fa2-60fb-4b36-8e8a-36c7f87d8c20}</UniqueIdentifier>
    </Filter>
    <Filter Include="Framework\Graphics\Sprite">
      <UniqueIdentifier>{89576d0c-3c95-4c7e-9ee0-2c372fde6d42}</UniqueIdentifier>
    </Filter>
    <Filter Include="Framework\Graphics\Controller">
      <UniqueIdentifier>{6a027e29-d80e-43f5-b5bc-755bcf7f9d10}</UniqueIdentifier>
    </Filter>
    <Filter Include="Framework\Sound\Audio">
      <UniqueIdentifier>{44b75689-5509-454c-81eb-a96a5f6390e3}</UniqueIdentifier>
    </Filter>
    <Filter Include="Framework\Sound\Sound">
      <UniqueIdentifier>{5a33470a-ebe7-4a34-95f4-793fa751d71c}</UniqueIdentifier>
    </Filter>
    <Filter Include="Framework\Graphics\FrameBuffer">
      <UniqueIdentifier>{da9ec471-48d5-4e3f-a0e3-c0f454560357}</UniqueIdentifier>
    </Filter>
    <Filter Include="Framework\Graphics\Sampler">
      <UniqueIdentifier>{80fc096e-6d02-4ac5-8cbc-7e5900e0e3b1}</UniqueIdentifier>
    </Filter>
    <Filter Include="Include">
      <UniqueIdentifier>{f022057b-7764-43cc-90ba-5d6f0b536350}</UniqueIdentifier>
    </Filter>
    <Filter Include="Include\Input">
      <UniqueIdentifier>{4fca6c1c-7796-4dda-89f7-00cd98ebfe0c}</UniqueIdentifier>
    </Filter>
    <Filter Include="Include\Render">
      <UniqueIdentifier>{3249a940-372d-4f59-b29c-eb9ce8552631}</UniqueIdentifier>
    </Filter>
    <Filter Include="Include\Common">
      <UniqueIdentifier>{29a9cc10-7942-4a07-ba6b-8b24f95ce742}</UniqueIdentifier>
    </Filter>
    <Filter Include="Include\External">
      <UniqueIdentifier>{4f8841b5-cb25-4e53-be39-4d27876b5f97}</UniqueIdentifier>
    </Filter>
    <Filter Include="Include\External\nlohman">
      <UniqueIdentifier>{45b019fb-2e6e-4110-be0f-3b88ecfb7ff6}</UniqueIdentifier>
    </Filter>
    <Filter Include="Include\Resource">
      <UniqueIdentifier>{08cd1786-378c-454a-9f72-4f66e3bd817e}</UniqueIdentifier>
    </Filter>
    <Filter Include="ソース ファイル\Bullet">
      <UniqueIdentifier>{3d30bf85-0be7-42e1-988d-326e2249333b}</UniqueIdentifier>
    </Filter>
    <Filter Include="ソース ファイル\Enemy">
      <UniqueIdentifier>{a310eee2-1113-4b1a-ac83-2962bfcdf78a}</UniqueIdentifier>
    </Filter>
    <Filter Include="ソース ファイル\Player">
      <UniqueIdentifier>{ef892358-4252-4218-b20a-518fd4694f84}</UniqueIdentifier>
    </Filter>
    <Filter Include="ソース ファイル\Scene">
      <UniqueIdentifier>{6db8e6ba-ce0a-449e-a16f-13277fa4126d}</UniqueIdentifier>
    </Filter>
    <Filter Include="ソース ファイル\Stage">
      <UniqueIdentifier>{8c83a948-62b9-48f2-bcf3-3be94b5c0f50}</UniqueIdentifier>
    </Filter>
    <Filter Include="ヘッダー ファイル\Bullet">
      <UniqueIdentifier>{7708b1a4-f0aa-4f44-8729-4af52f3165fb}</UniqueIdentifier>
    </Filter>
    <Filter Include="ヘッダー ファイル\Enemy">
      <UniqueIdentifier>{135913a1-c05e-419a-953f-1e1910265fe2}</UniqueIdentifier>
    </Filter>
    <Filter Include="ヘッダー ファイル\Player">
      <UniqueIdentifier>{5968295e-ef90-471a-8965-3bbb09c176ca}</UniqueIdentifier>
    </Filter>
    <Filter Include="ヘッダー ファイル\Scene">
      <UniqueIdentifier>{688bf24b-1cbb-497f-8ba8-a6e1fdb5e33c}</UniqueIdentifier>
    </Filter>
    <Filter Include="ヘッダー ファイル\Stage">
      <UniqueIdentifier>{1440b8e6-9096-4a5d-9e7d-8985a6391627}</UniqueIdentifier>
    </Filter>
  </ItemGroup>
  <ItemGroup>
    <ClCompile Include="main.cpp">
      <Filter>ソース ファイル</Filter>
    </ClCompile>
    <ClCompile Include="Framework\Graphics\Texture.cpp">
      <Filter>Framework\Graphics\Texture</Filter>
    </ClCompile>
    <ClCompile Include="Framework\Graphics\Shader.cpp">
      <Filter>Framework\Graphics\Shader</Filter>
    </ClCompile>
    <ClCompile Include="Framework\Graphics\Buffer.cpp">
      <Filter>Framework\Graphics\Buffer</Filter>
    </ClCompile>
    <ClCompile Include="Framework\Framework\Framework.cpp">
      <Filter>Framework\Framework</Filter>
    </ClCompile>
    <ClCompile Include="Framework\Sound\Audio.cpp">
      <Filter>Framework\Sound\Audio</Filter>
    </ClCompile>
    <ClCompile Include="Framework\Sound\Sound.cpp">
      <Filter>Framework\Sound\Sound</Filter>
    </ClCompile>
    <ClCompile Include="Framework\Sound\WaveFile.cpp">
      <Filter>Framework\Sound\Sound</Filter>
    </ClCompile>
    <ClCompile Include="Application.cpp">
      <Filter>ソース ファイル</Filter>
    </ClCompile>
    <ClCompile Include="Framework\Graphics\FrameBuffer.cpp">
      <Filter>Framework\Graphics\FrameBuffer</Filter>
    </ClCompile>
    <ClCompile Include="Include\Input\GLInput.cpp">
      <Filter>Include\Input</Filter>
    </ClCompile>
    <ClCompile Include="Include\Input\Input.cpp">
      <Filter>Include\Input</Filter>
    </ClCompile>
    <ClCompile Include="Include\Input\MofInput.cpp">
      <Filter>Include\Input</Filter>
    </ClCompile>
    <ClCompile Include="Include\Input\WinApiInput.cpp">
      <Filter>Include\Input</Filter>
    </ClCompile>
    <ClCompile Include="Include\Render\GLRenderClearCommand.cpp">
      <Filter>Include\Render</Filter>
    </ClCompile>
    <ClCompile Include="Include\Render\GLRenderEndCommand.cpp">
      <Filter>Include\Render</Filter>
    </ClCompile>
    <ClCompile Include="Include\Render\GLRenderStartCommand.cpp">
      <Filter>Include\Render</Filter>
    </ClCompile>
    <ClCompile Include="Include\Render\GLSpriteRenderCommand.cpp">
      <Filter>Include\Render</Filter>
    </ClCompile>
    <ClCompile Include="Include\Render\GLRenderFrameBufferBindCommand.cpp">
      <Filter>Include\Render</Filter>
    </ClCompile>
    <ClCompile Include="Include\Render\GLRenderResetTargetCommand.cpp">
      <Filter>Include\Render</Filter>
    </ClCompile>
    <ClCompile Include="Bullet.cpp">
      <Filter>ソース ファイル\Bullet</Filter>
    </ClCompile>
    <ClCompile Include="BulletManager.cpp">
      <Filter>ソース ファイル\Bullet</Filter>
    </ClCompile>
    <ClCompile Include="GoStraightBullet.cpp">
      <Filter>ソース ファイル\Bullet</Filter>
    </ClCompile>
    <ClCompile Include="Enemy.cpp">
      <Filter>ソース ファイル\Enemy</Filter>
    </ClCompile>
    <ClCompile Include="Player.cpp">
      <Filter>ソース ファイル\Player</Filter>
    </ClCompile>
    <ClCompile Include="GameScene.cpp">
      <Filter>ソース ファイル\Scene</Filter>
    </ClCompile>
    <ClCompile Include="TitleScene.cpp">
      <Filter>ソース ファイル\Scene</Filter>
    </ClCompile>
    <ClCompile Include="Stage.cpp">
      <Filter>ソース ファイル\Stage</Filter>
    </ClCompile>
    <ClCompile Include="GoStraightEnemy.cpp">
      <Filter>ソース ファイル\Enemy</Filter>
    </ClCompile>
    <ClCompile Include="EnemyManager.cpp">
      <Filter>ソース ファイル\Enemy</Filter>
    </ClCompile>
    <ClCompile Include="Circle.cpp">
      <Filter>ソース ファイル</Filter>
    </ClCompile>
  </ItemGroup>
  <ItemGroup>
    <ClInclude Include="Framework\Timer\IFrameTimer.h">
      <Filter>Framework\Timer</Filter>
    </ClInclude>
    <ClInclude Include="Framework\Timer\WinFrameTimer.h">
      <Filter>Framework\Timer</Filter>
    </ClInclude>
    <ClInclude Include="Framework\Timer\GLFrameTimer.h">
      <Filter>Framework\Timer</Filter>
    </ClInclude>
    <ClInclude Include="Framework\Common\Common.h">
      <Filter>Framework\Common</Filter>
    </ClInclude>
    <ClInclude Include="Framework\Math\Vector4.h">
      <Filter>Framework\Math</Filter>
    </ClInclude>
    <ClInclude Include="Framework\Math\Vector3.h">
      <Filter>Framework\Math</Filter>
    </ClInclude>
    <ClInclude Include="Framework\Graphics\Texture.h">
      <Filter>Framework\Graphics\Texture</Filter>
    </ClInclude>
    <ClInclude Include="Framework\Resource\ResourceBase.h">
      <Filter>Framework\Resource</Filter>
    </ClInclude>
    <ClInclude Include="Framework\Graphics\Shader.h">
      <Filter>Framework\Graphics\Shader</Filter>
    </ClInclude>
    <ClInclude Include="Framework\Graphics\Buffer.h">
      <Filter>Framework\Graphics\Buffer</Filter>
    </ClInclude>
    <ClInclude Include="Framework\Common\Singleton.h">
      <Filter>Framework\Common</Filter>
    </ClInclude>
    <ClInclude Include="Framework\Graphics\Camera.h">
      <Filter>Framework\Graphics\Camera</Filter>
    </ClInclude>
    <ClInclude Include="Framework\Math\Rectangle.h">
      <Filter>Framework\Math</Filter>
    </ClInclude>
    <ClInclude Include="Framework\Framework\Framework.h">
      <Filter>Framework\Framework</Filter>
    </ClInclude>
    <ClInclude Include="Framework\Graphics\Sprite.h">
      <Filter>Framework\Graphics\Sprite</Filter>
    </ClInclude>
    <ClInclude Include="Framework\Graphics\GraphicsController.h">
      <Filter>Framework\Graphics\Controller</Filter>
    </ClInclude>
    <ClInclude Include="Framework\Input\Input.h">
      <Filter>Framework\Input</Filter>
    </ClInclude>
    <ClInclude Include="Framework\Sound\Audio.h">
      <Filter>Framework\Sound\Audio</Filter>
    </ClInclude>
    <ClInclude Include="Framework\Sound\IAudio.h">
      <Filter>Framework\Sound\Audio</Filter>
    </ClInclude>
    <ClInclude Include="Framework\Sound\Sound.h">
      <Filter>Framework\Sound\Sound</Filter>
    </ClInclude>
    <ClInclude Include="Framework\Sound\WaveFile.h">
      <Filter>Framework\Sound\Sound</Filter>
    </ClInclude>
    <ClInclude Include="Framework\Input\IInput.h">
      <Filter>Framework\Input</Filter>
    </ClInclude>
    <ClInclude Include="Framework\Input\Input.h">
      <Filter>Framework\Input</Filter>
    </ClInclude>
    <ClInclude Include="Application.h">
      <Filter>ヘッダー ファイル</Filter>
    </ClInclude>
    <ClInclude Include="GameObject.h">
      <Filter>ヘッダー ファイル</Filter>
    </ClInclude>
    <ClInclude Include="Character.h">
      <Filter>ヘッダー ファイル</Filter>
    </ClInclude>
    <ClInclude Include="Include\Input\GLInput.h">
      <Filter>Include\Input</Filter>
    </ClInclude>
    <ClInclude Include="Include\Input\IInput.h">
      <Filter>Include\Input</Filter>
    </ClInclude>
    <ClInclude Include="Include\Input\Input.h">
      <Filter>Include\Input</Filter>
    </ClInclude>
    <ClInclude Include="Include\Input\InputManager.h">
      <Filter>Include\Input</Filter>
    </ClInclude>
    <ClInclude Include="Include\Input\LogInput.h">
      <Filter>Include\Input</Filter>
    </ClInclude>
    <ClInclude Include="Include\Input\MofInput.h">
      <Filter>Include\Input</Filter>
    </ClInclude>
    <ClInclude Include="Include\Input\ReplayInput.h">
      <Filter>Include\Input</Filter>
    </ClInclude>
    <ClInclude Include="Include\Input\WinApiInput.h">
      <Filter>Include\Input</Filter>
    </ClInclude>
    <ClInclude Include="Include\Render\IRenderCommand.h">
      <Filter>Include\Render</Filter>
    </ClInclude>
    <ClInclude Include="Include\Render\IRenderRegister.h">
      <Filter>Include\Render</Filter>
    </ClInclude>
    <ClInclude Include="Include\Render\RenderClearCommand.h">
      <Filter>Include\Render</Filter>
    </ClInclude>
    <ClInclude Include="Include\Render\RenderCommandTask.h">
      <Filter>Include\Render</Filter>
    </ClInclude>
    <ClInclude Include="Include\Render\RenderEndCommand.h">
      <Filter>Include\Render</Filter>
    </ClInclude>
    <ClInclude Include="Include\Render\RenderManager.h">
      <Filter>Include\Render</Filter>
    </ClInclude>
    <ClInclude Include="Include\Render\RenderStartCommand.h">
      <Filter>Include\Render</Filter>
    </ClInclude>
    <ClInclude Include="Include\Common\ICommand.h">
      <Filter>Include\Common</Filter>
    </ClInclude>
    <ClInclude Include="Include\Render\GLRenderClearCommand.h">
      <Filter>Include\Render</Filter>
    </ClInclude>
    <ClInclude Include="Include\Render\GLRenderEndCommand.h">
      <Filter>Include\Render</Filter>
    </ClInclude>
    <ClInclude Include="FrameWorkManager.h">
      <Filter>ヘッダー ファイル</Filter>
    </ClInclude>
    <ClInclude Include="Include\Render\GLRenderStartCommand.h">
      <Filter>Include\Render</Filter>
    </ClInclude>
    <ClInclude Include="Include\Render\SpriteRenderCommand.h">
      <Filter>Include\Render</Filter>
    </ClInclude>
    <ClInclude Include="Include\Common\Sprite.h">
      <Filter>Include\Common</Filter>
    </ClInclude>
    <ClInclude Include="Include\Render\GLSpriteRenderCommand.h">
      <Filter>Include\Render</Filter>
    </ClInclude>
    <ClInclude Include="Include\External\nlohmann\json.hpp">
      <Filter>Include\External\nlohman</Filter>
    </ClInclude>
    <ClInclude Include="Include\Resource\JsonResourceLoadHelper.h">
      <Filter>Include\Resource</Filter>
    </ClInclude>
    <ClInclude Include="Include\Resource\JsonResourcePackCreator.h">
      <Filter>Include\Resource</Filter>
    </ClInclude>
    <ClInclude Include="Include\Resource\JsonSpriteResourceCreator.h">
      <Filter>Include\Resource</Filter>
    </ClInclude>
    <ClInclude Include="Include\Resource\ResourceContainer.h">
      <Filter>Include\Resource</Filter>
    </ClInclude>
    <ClInclude Include="Include\Resource\ResourceManager.h">
      <Filter>Include\Resource</Filter>
    </ClInclude>
    <ClInclude Include="Include\Resource\ResourcePack.h">
      <Filter>Include\Resource</Filter>
    </ClInclude>
    <ClInclude Include="Include\Resource\Texture.h">
      <Filter>Include\Resource</Filter>
    </ClInclude>
    <ClInclude Include="Framework\Graphics\SpriteBatch.h">
      <Filter>Framework\Graphics\Sprite</Filter>
    </ClInclude>
    <ClInclude Include="Framework\Graphics\FrameBuffer.h">
      <Filter>Framework\Graphics\FrameBuffer</Filter>
    </ClInclude>
    <ClInclude Include="Framework\Graphics\ShaderParameterBind.h">
      <Filter>Framework\Graphics\Shader</Filter>
    </ClInclude>
    <ClInclude Include="Framework\Graphics\ShaderParameterBind1F.h">
      <Filter>Framework\Graphics\Shader</Filter>
    </ClInclude>
    <ClInclude Include="Framework\Graphics\Sampler.h">
      <Filter>Framework\Graphics\Sampler</Filter>
    </ClInclude>
    <ClInclude Include="Include\Common\Rectangle.h">
      <Filter>Include\Common</Filter>
    </ClInclude>
    <ClInclude Include="Include\Common\Math.h">
      <Filter>Include\Common</Filter>
    </ClInclude>
    <ClInclude Include="Include\Common\GraphicsController.h">
      <Filter>Include\Common</Filter>
    </ClInclude>
    <ClInclude Include="Include\Render\RenderFrameBufferBindCommand.h">
      <Filter>Include\Render</Filter>
    </ClInclude>
    <ClInclude Include="Include\Common\FrameBuffer.h">
      <Filter>Include\Common</Filter>
    </ClInclude>
    <ClInclude Include="Include\Render\GLRenderFrameBufferBindCommand.h">
      <Filter>Include\Render</Filter>
    </ClInclude>
    <ClInclude Include="Include\Render\RenderResetTargetCommand.h">
      <Filter>Include\Render</Filter>
    </ClInclude>
    <ClInclude Include="Include\Render\GLRenderResetTargetCommand.h">
      <Filter>Include\Render</Filter>
    </ClInclude>
    <ClInclude Include="GameDefine.h">
      <Filter>ヘッダー ファイル</Filter>
    </ClInclude>
    <ClInclude Include="Include\Render\ContextGuard.h">
      <Filter>Include\Render</Filter>
    </ClInclude>
    <ClInclude Include="Random.h">
      <Filter>ヘッダー ファイル</Filter>
    </ClInclude>
    <ClInclude Include="Bullet.h">
      <Filter>ヘッダー ファイル\Bullet</Filter>
    </ClInclude>
    <ClInclude Include="BulletManager.h">
      <Filter>ヘッダー ファイル\Bullet</Filter>
    </ClInclude>
    <ClInclude Include="Enemy.h">
      <Filter>ヘッダー ファイル\Enemy</Filter>
    </ClInclude>
    <ClInclude Include="Player.h">
      <Filter>ヘッダー ファイル\Player</Filter>
    </ClInclude>
    <ClInclude Include="GoStraightBullet.h">
      <Filter>ヘッダー ファイル\Bullet</Filter>
    </ClInclude>
    <ClInclude Include="GameScene.h">
      <Filter>ヘッダー ファイル\Scene</Filter>
    </ClInclude>
    <ClInclude Include="SceneBase.h">
      <Filter>ヘッダー ファイル\Scene</Filter>
    </ClInclude>
    <ClInclude Include="SceneManager.h">
      <Filter>ヘッダー ファイル\Scene</Filter>
    </ClInclude>
    <ClInclude Include="TitleScene.h">
      <Filter>ヘッダー ファイル\Scene</Filter>
    </ClInclude>
    <ClInclude Include="Stage.h">
      <Filter>ヘッダー ファイル\Stage</Filter>
    </ClInclude>
    <ClInclude Include="GoStraightEnemy.h">
      <Filter>ヘッダー ファイル\Enemy</Filter>
    </ClInclude>
    <ClInclude Include="EnemyManager.h">
      <Filter>ヘッダー ファイル</Filter>
    </ClInclude>
    <ClInclude Include="Circle.h">
      <Filter>ヘッダー ファイル</Filter>
    </ClInclude>
  </ItemGroup>
</Project>